// !$*UTF8*$!
{
	archiveVersion = 1;
	classes = {
	};
	objectVersion = 46;
	objects = {

/* Begin PBXBuildFile section */
		D0091BEE163431C8009D0734 /* Cocoa.framework in Frameworks */ = {isa = PBXBuildFile; fileRef = D08636EF13D03D1E00EA7D50 /* Cocoa.framework */; };
		D0091BF0163431C8009D0734 /* AppleScriptObjC.framework in Frameworks */ = {isa = PBXBuildFile; fileRef = D0091BEF163431C8009D0734 /* AppleScriptObjC.framework */; };
		D0091C12163438E5009D0734 /* Cocoa.framework in Frameworks */ = {isa = PBXBuildFile; fileRef = D08636EF13D03D1E00EA7D50 /* Cocoa.framework */; };
		D0091C13163438E5009D0734 /* AppleScriptObjC.framework in Frameworks */ = {isa = PBXBuildFile; fileRef = D0091BEF163431C8009D0734 /* AppleScriptObjC.framework */; };
		D0091C3116343ABB009D0734 /* Cocoa.framework in Frameworks */ = {isa = PBXBuildFile; fileRef = D08636EF13D03D1E00EA7D50 /* Cocoa.framework */; };
		D0091C3216343ABB009D0734 /* AppleScriptObjC.framework in Frameworks */ = {isa = PBXBuildFile; fileRef = D0091BEF163431C8009D0734 /* AppleScriptObjC.framework */; };
		D0091C5616343F53009D0734 /* iTunesPlay.app in Resources */ = {isa = PBXBuildFile; fileRef = D0091BEC163431C8009D0734 /* iTunesPlay.app */; };
		D0091C5716343F53009D0734 /* Sleep.app in Resources */ = {isa = PBXBuildFile; fileRef = D0091C10163438E5009D0734 /* Sleep.app */; };
		D0091C5816343F53009D0734 /* Shutdown.app in Resources */ = {isa = PBXBuildFile; fileRef = D0091C2F16343ABB009D0734 /* Shutdown.app */; };
		D0552EA916347306003B4B0B /* Cocoa.framework in Frameworks */ = {isa = PBXBuildFile; fileRef = D08636EF13D03D1E00EA7D50 /* Cocoa.framework */; };
		D0552EAA16347306003B4B0B /* AppleScriptObjC.framework in Frameworks */ = {isa = PBXBuildFile; fileRef = D0091BEF163431C8009D0734 /* AppleScriptObjC.framework */; };
		D0552EC216347499003B4B0B /* main.m in Sources */ = {isa = PBXBuildFile; fileRef = D0552EC016347499003B4B0B /* main.m */; };
		D0552EC516347555003B4B0B /* Logout.app in Resources */ = {isa = PBXBuildFile; fileRef = D0552EA716347306003B4B0B /* Logout.app */; };
		D05863A613EC95100083A8A1 /* AlarmController.m in Sources */ = {isa = PBXBuildFile; fileRef = D05863A113EC95100083A8A1 /* AlarmController.m */; };
		D05863A713EC95100083A8A1 /* AppDelegate.m in Sources */ = {isa = PBXBuildFile; fileRef = D05863A313EC95100083A8A1 /* AppDelegate.m */; };
		D05863A813EC95100083A8A1 /* EventController.m in Sources */ = {isa = PBXBuildFile; fileRef = D05863A513EC95100083A8A1 /* EventController.m */; };
		D06695A313D04475008063F0 /* TransformerNumberBoolValueToString.m in Sources */ = {isa = PBXBuildFile; fileRef = D06695A213D04475008063F0 /* TransformerNumberBoolValueToString.m */; };
		D06695AD13D04F9C008063F0 /* MainMenu.xib in Resources */ = {isa = PBXBuildFile; fileRef = D06695AB13D04F9C008063F0 /* MainMenu.xib */; };
		D06809A913D1E5150009E65A /* DateCategory.m in Sources */ = {isa = PBXBuildFile; fileRef = D06809A813D1E5150009E65A /* DateCategory.m */; };
		D0728ACB1634524300FD0FA3 /* main.m in Sources */ = {isa = PBXBuildFile; fileRef = D0728AC91634524300FD0FA3 /* main.m */; };
		D0728ACF1634529100FD0FA3 /* main.m in Sources */ = {isa = PBXBuildFile; fileRef = D0728ACD1634529000FD0FA3 /* main.m */; };
		D0728AD4163452D800FD0FA3 /* main.m in Sources */ = {isa = PBXBuildFile; fileRef = D0728AD2163452D800FD0FA3 /* main.m */; };
		D08636F013D03D1E00EA7D50 /* Cocoa.framework in Frameworks */ = {isa = PBXBuildFile; fileRef = D08636EF13D03D1E00EA7D50 /* Cocoa.framework */; };
		D08636FA13D03D1E00EA7D50 /* InfoPlist.strings in Resources */ = {isa = PBXBuildFile; fileRef = D08636F813D03D1E00EA7D50 /* InfoPlist.strings */; };
		D08636FD13D03D1E00EA7D50 /* main.m in Sources */ = {isa = PBXBuildFile; fileRef = D08636FC13D03D1E00EA7D50 /* main.m */; };
		D086370013D03D1E00EA7D50 /* Credits.rtf in Resources */ = {isa = PBXBuildFile; fileRef = D08636FE13D03D1E00EA7D50 /* Credits.rtf */; };
		D086371C13D03D4E00EA7D50 /* AlarmMenu.m in Sources */ = {isa = PBXBuildFile; fileRef = D086371313D03D4E00EA7D50 /* AlarmMenu.m */; };
		D086371E13D03D4E00EA7D50 /* CalendarEvent.m in Sources */ = {isa = PBXBuildFile; fileRef = D086371713D03D4E00EA7D50 /* CalendarEvent.m */; };
		D086371F13D03D4E00EA7D50 /* CalendarMenu.m in Sources */ = {isa = PBXBuildFile; fileRef = D086371913D03D4E00EA7D50 /* CalendarMenu.m */; };
		D086372313D03D7900EA7D50 /* ical.png in Resources */ = {isa = PBXBuildFile; fileRef = D086372113D03D7900EA7D50 /* ical.png */; };
		D086372413D03D7900EA7D50 /* ical.icns in Resources */ = {isa = PBXBuildFile; fileRef = D086372213D03D7900EA7D50 /* ical.icns */; };
		D086372A13D03DC200EA7D50 /* CalendarStore.framework in Frameworks */ = {isa = PBXBuildFile; fileRef = D086372913D03DC200EA7D50 /* CalendarStore.framework */; };
		D08ACB0E1406931300C030A0 /* ical_big.png in Resources */ = {isa = PBXBuildFile; fileRef = D08ACB0D1406931300C030A0 /* ical_big.png */; };
		D09C878913F46A8300F63717 /* TextFieldWithURL.m in Sources */ = {isa = PBXBuildFile; fileRef = D09C878713F46A8300F63717 /* TextFieldWithURL.m */; };
		D0A682A51406D51000C79CC9 /* License.txt in Resources */ = {isa = PBXBuildFile; fileRef = D0A682A41406D51000C79CC9 /* License.txt */; };
		D0B133CE14042A0C004263A7 /* Settings.png in Resources */ = {isa = PBXBuildFile; fileRef = D0B133CD14042A0C004263A7 /* Settings.png */; };
		D0D67F8F13ED32C8004E5A09 /* Model.m in Sources */ = {isa = PBXBuildFile; fileRef = D0D67F8E13ED32C8004E5A09 /* Model.m */; };
		D0D83CA914134A2200497B77 /* CustomSheet.m in Sources */ = {isa = PBXBuildFile; fileRef = D0D83CA714134A2200497B77 /* CustomSheet.m */; };
		D0D83CAA14134A2200497B77 /* CustomSheet.xib in Resources */ = {isa = PBXBuildFile; fileRef = D0D83CA814134A2200497B77 /* CustomSheet.xib */; };
		D0ED3B8013F68D7D00A7219F /* PopoverController.m in Sources */ = {isa = PBXBuildFile; fileRef = D0ED3B7E13F68D7D00A7219F /* PopoverController.m */; };
		D0F572A4140CE33F0001F515 /* TableViewController.m in Sources */ = {isa = PBXBuildFile; fileRef = D0F572A3140CE33F0001F515 /* TableViewController.m */; };
		D0F7F4841402FB2200686869 /* preferences.png in Resources */ = {isa = PBXBuildFile; fileRef = D0F7F4831402FB2200686869 /* preferences.png */; };
		D0F824C41400FB2B00D2E365 /* ScriptMenu.m in Sources */ = {isa = PBXBuildFile; fileRef = D0F824C31400FB2B00D2E365 /* ScriptMenu.m */; };
/* End PBXBuildFile section */

/* Begin PBXContainerItemProxy section */
		D0091C5A1634404F009D0734 /* PBXContainerItemProxy */ = {
			isa = PBXContainerItemProxy;
			containerPortal = D08636E213D03D1E00EA7D50 /* Project object */;
			proxyType = 1;
			remoteGlobalIDString = D0091BEB163431C8009D0734;
			remoteInfo = iTunesPlay;
		};
		D0091C5C1634404F009D0734 /* PBXContainerItemProxy */ = {
			isa = PBXContainerItemProxy;
			containerPortal = D08636E213D03D1E00EA7D50 /* Project object */;
			proxyType = 1;
			remoteGlobalIDString = D0091C0F163438E5009D0734;
			remoteInfo = Sleep;
		};
		D0091C5E1634404F009D0734 /* PBXContainerItemProxy */ = {
			isa = PBXContainerItemProxy;
			containerPortal = D08636E213D03D1E00EA7D50 /* Project object */;
			proxyType = 1;
			remoteGlobalIDString = D0091C2E16343ABB009D0734;
			remoteInfo = Shutdown;
		};
		D0552EC3163474DA003B4B0B /* PBXContainerItemProxy */ = {
			isa = PBXContainerItemProxy;
			containerPortal = D08636E213D03D1E00EA7D50 /* Project object */;
			proxyType = 1;
			remoteGlobalIDString = D0552EA616347306003B4B0B;
			remoteInfo = Logout;
		};
/* End PBXContainerItemProxy section */

/* Begin PBXFileReference section */
		D0091BEC163431C8009D0734 /* iTunesPlay.app */ = {isa = PBXFileReference; explicitFileType = wrapper.application; includeInIndex = 0; path = iTunesPlay.app; sourceTree = BUILT_PRODUCTS_DIR; };
		D0091BEF163431C8009D0734 /* AppleScriptObjC.framework */ = {isa = PBXFileReference; lastKnownFileType = wrapper.framework; name = AppleScriptObjC.framework; path = System/Library/Frameworks/AppleScriptObjC.framework; sourceTree = SDKROOT; };
		D0091BF1163431C8009D0734 /* CoreData.framework */ = {isa = PBXFileReference; lastKnownFileType = wrapper.framework; name = CoreData.framework; path = System/Library/Frameworks/CoreData.framework; sourceTree = SDKROOT; };
		D0091C10163438E5009D0734 /* Sleep.app */ = {isa = PBXFileReference; explicitFileType = wrapper.application; includeInIndex = 0; path = Sleep.app; sourceTree = BUILT_PRODUCTS_DIR; };
		D0091C2F16343ABB009D0734 /* Shutdown.app */ = {isa = PBXFileReference; explicitFileType = wrapper.application; includeInIndex = 0; path = Shutdown.app; sourceTree = BUILT_PRODUCTS_DIR; };
		D018E23113DDF0F000D3FE20 /* README.md */ = {isa = PBXFileReference; fileEncoding = 4; lastKnownFileType = text; name = README.md; path = ../README.md; sourceTree = "<group>"; };
		D018E23213DDF0F000D3FE20 /* ScreenShot.png */ = {isa = PBXFileReference; lastKnownFileType = image.png; name = ScreenShot.png; path = ../ScreenShot.png; sourceTree = "<group>"; };
		D0552EA716347306003B4B0B /* Logout.app */ = {isa = PBXFileReference; explicitFileType = wrapper.application; includeInIndex = 0; path = Logout.app; sourceTree = BUILT_PRODUCTS_DIR; };
		D0552EBF16347499003B4B0B /* Logout-Info.plist */ = {isa = PBXFileReference; fileEncoding = 4; lastKnownFileType = text.plist.xml; name = "Logout-Info.plist"; path = "AlarmActions/Logout/Logout-Info.plist"; sourceTree = SOURCE_ROOT; };
		D0552EC016347499003B4B0B /* main.m */ = {isa = PBXFileReference; fileEncoding = 4; lastKnownFileType = sourcecode.c.objc; name = main.m; path = AlarmActions/Logout/main.m; sourceTree = SOURCE_ROOT; };
		D05863A013EC95100083A8A1 /* AlarmController.h */ = {isa = PBXFileReference; fileEncoding = 4; lastKnownFileType = sourcecode.c.h; path = AlarmController.h; sourceTree = "<group>"; };
		D05863A113EC95100083A8A1 /* AlarmController.m */ = {isa = PBXFileReference; fileEncoding = 4; lastKnownFileType = sourcecode.c.objc; path = AlarmController.m; sourceTree = "<group>"; };
		D05863A213EC95100083A8A1 /* AppDelegate.h */ = {isa = PBXFileReference; fileEncoding = 4; lastKnownFileType = sourcecode.c.h; path = AppDelegate.h; sourceTree = "<group>"; };
		D05863A313EC95100083A8A1 /* AppDelegate.m */ = {isa = PBXFileReference; fileEncoding = 4; lastKnownFileType = sourcecode.c.objc; path = AppDelegate.m; sourceTree = "<group>"; };
		D05863A413EC95100083A8A1 /* EventController.h */ = {isa = PBXFileReference; fileEncoding = 4; lastKnownFileType = sourcecode.c.h; path = EventController.h; sourceTree = "<group>"; };
		D05863A513EC95100083A8A1 /* EventController.m */ = {isa = PBXFileReference; fileEncoding = 4; lastKnownFileType = sourcecode.c.objc; path = EventController.m; sourceTree = "<group>"; };
		D06695A113D04475008063F0 /* TransformerNumberBoolValueToString.h */ = {isa = PBXFileReference; fileEncoding = 4; lastKnownFileType = sourcecode.c.h; path = TransformerNumberBoolValueToString.h; sourceTree = "<group>"; };
		D06695A213D04475008063F0 /* TransformerNumberBoolValueToString.m */ = {isa = PBXFileReference; fileEncoding = 4; lastKnownFileType = sourcecode.c.objc; path = TransformerNumberBoolValueToString.m; sourceTree = "<group>"; };
		D06695AC13D04F9C008063F0 /* en */ = {isa = PBXFileReference; lastKnownFileType = file.xib; name = en; path = en.lproj/MainMenu.xib; sourceTree = "<group>"; };
		D06809A713D1E5140009E65A /* DateCategory.h */ = {isa = PBXFileReference; fileEncoding = 4; lastKnownFileType = sourcecode.c.h; path = DateCategory.h; sourceTree = "<group>"; };
		D06809A813D1E5150009E65A /* DateCategory.m */ = {isa = PBXFileReference; fileEncoding = 4; lastKnownFileType = sourcecode.c.objc; path = DateCategory.m; sourceTree = "<group>"; };
		D0728AC91634524300FD0FA3 /* main.m */ = {isa = PBXFileReference; fileEncoding = 4; lastKnownFileType = sourcecode.c.objc; name = main.m; path = AlarmActions/Sleep/main.m; sourceTree = SOURCE_ROOT; };
		D0728ACA1634524300FD0FA3 /* Sleep-Info.plist */ = {isa = PBXFileReference; fileEncoding = 4; lastKnownFileType = text.plist.xml; name = "Sleep-Info.plist"; path = "AlarmActions/Sleep/Sleep-Info.plist"; sourceTree = SOURCE_ROOT; };
		D0728ACD1634529000FD0FA3 /* main.m */ = {isa = PBXFileReference; fileEncoding = 4; lastKnownFileType = sourcecode.c.objc; name = main.m; path = AlarmActions/Shutdown/main.m; sourceTree = SOURCE_ROOT; };
		D0728ACE1634529000FD0FA3 /* Shutdown-Info.plist */ = {isa = PBXFileReference; fileEncoding = 4; lastKnownFileType = text.plist.xml; name = "Shutdown-Info.plist"; path = "AlarmActions/Shutdown/Shutdown-Info.plist"; sourceTree = SOURCE_ROOT; };
		D0728AD1163452D800FD0FA3 /* iTunesPlay-Info.plist */ = {isa = PBXFileReference; fileEncoding = 4; lastKnownFileType = text.plist.xml; name = "iTunesPlay-Info.plist"; path = "AlarmActions/iTunesPlay/iTunesPlay-Info.plist"; sourceTree = SOURCE_ROOT; };
		D0728AD2163452D800FD0FA3 /* main.m */ = {isa = PBXFileReference; fileEncoding = 4; lastKnownFileType = sourcecode.c.objc; name = main.m; path = AlarmActions/iTunesPlay/main.m; sourceTree = SOURCE_ROOT; };
		D08636EB13D03D1E00EA7D50 /* pmEvent.app */ = {isa = PBXFileReference; explicitFileType = wrapper.application; includeInIndex = 0; path = pmEvent.app; sourceTree = BUILT_PRODUCTS_DIR; };
		D08636EF13D03D1E00EA7D50 /* Cocoa.framework */ = {isa = PBXFileReference; lastKnownFileType = wrapper.framework; name = Cocoa.framework; path = System/Library/Frameworks/Cocoa.framework; sourceTree = SDKROOT; };
		D08636F213D03D1E00EA7D50 /* AppKit.framework */ = {isa = PBXFileReference; lastKnownFileType = wrapper.framework; name = AppKit.framework; path = System/Library/Frameworks/AppKit.framework; sourceTree = SDKROOT; };
		D08636F413D03D1E00EA7D50 /* Foundation.framework */ = {isa = PBXFileReference; lastKnownFileType = wrapper.framework; name = Foundation.framework; path = System/Library/Frameworks/Foundation.framework; sourceTree = SDKROOT; };
		D08636F713D03D1E00EA7D50 /* pmEvent-Info.plist */ = {isa = PBXFileReference; lastKnownFileType = text.plist.xml; path = "pmEvent-Info.plist"; sourceTree = "<group>"; };
		D08636F913D03D1E00EA7D50 /* en */ = {isa = PBXFileReference; lastKnownFileType = text.plist.strings; name = en; path = en.lproj/InfoPlist.strings; sourceTree = "<group>"; };
		D08636FB13D03D1E00EA7D50 /* pmEvent-Prefix.pch */ = {isa = PBXFileReference; lastKnownFileType = sourcecode.c.h; path = "pmEvent-Prefix.pch"; sourceTree = "<group>"; };
		D08636FC13D03D1E00EA7D50 /* main.m */ = {isa = PBXFileReference; lastKnownFileType = sourcecode.c.objc; path = main.m; sourceTree = "<group>"; };
		D08636FF13D03D1E00EA7D50 /* en */ = {isa = PBXFileReference; lastKnownFileType = text.rtf; name = en; path = en.lproj/Credits.rtf; sourceTree = "<group>"; };
		D086371213D03D4E00EA7D50 /* AlarmMenu.h */ = {isa = PBXFileReference; fileEncoding = 4; lastKnownFileType = sourcecode.c.h; path = AlarmMenu.h; sourceTree = "<group>"; };
		D086371313D03D4E00EA7D50 /* AlarmMenu.m */ = {isa = PBXFileReference; fileEncoding = 4; lastKnownFileType = sourcecode.c.objc; path = AlarmMenu.m; sourceTree = "<group>"; };
		D086371613D03D4E00EA7D50 /* CalendarEvent.h */ = {isa = PBXFileReference; fileEncoding = 4; lastKnownFileType = sourcecode.c.h; path = CalendarEvent.h; sourceTree = "<group>"; };
		D086371713D03D4E00EA7D50 /* CalendarEvent.m */ = {isa = PBXFileReference; fileEncoding = 4; lastKnownFileType = sourcecode.c.objc; path = CalendarEvent.m; sourceTree = "<group>"; };
		D086371813D03D4E00EA7D50 /* CalendarMenu.h */ = {isa = PBXFileReference; fileEncoding = 4; lastKnownFileType = sourcecode.c.h; path = CalendarMenu.h; sourceTree = "<group>"; };
		D086371913D03D4E00EA7D50 /* CalendarMenu.m */ = {isa = PBXFileReference; fileEncoding = 4; lastKnownFileType = sourcecode.c.objc; path = CalendarMenu.m; sourceTree = "<group>"; };
		D086372113D03D7900EA7D50 /* ical.png */ = {isa = PBXFileReference; lastKnownFileType = image.png; path = ical.png; sourceTree = "<group>"; };
		D086372213D03D7900EA7D50 /* ical.icns */ = {isa = PBXFileReference; lastKnownFileType = image.icns; path = ical.icns; sourceTree = "<group>"; };
		D086372913D03DC200EA7D50 /* CalendarStore.framework */ = {isa = PBXFileReference; lastKnownFileType = wrapper.framework; name = CalendarStore.framework; path = System/Library/Frameworks/CalendarStore.framework; sourceTree = SDKROOT; };
		D08ACB0D1406931300C030A0 /* ical_big.png */ = {isa = PBXFileReference; lastKnownFileType = image.png; path = ical_big.png; sourceTree = "<group>"; };
		D09C878613F46A8300F63717 /* TextFieldWithURL.h */ = {isa = PBXFileReference; fileEncoding = 4; lastKnownFileType = sourcecode.c.h; path = TextFieldWithURL.h; sourceTree = "<group>"; };
		D09C878713F46A8300F63717 /* TextFieldWithURL.m */ = {isa = PBXFileReference; fileEncoding = 4; lastKnownFileType = sourcecode.c.objc; path = TextFieldWithURL.m; sourceTree = "<group>"; };
		D0A682A41406D51000C79CC9 /* License.txt */ = {isa = PBXFileReference; fileEncoding = 4; lastKnownFileType = text; name = License.txt; path = ../License.txt; sourceTree = "<group>"; };
		D0B133CD14042A0C004263A7 /* Settings.png */ = {isa = PBXFileReference; lastKnownFileType = image.png; path = Settings.png; sourceTree = "<group>"; };
		D0D67F8D13ED32C8004E5A09 /* Model.h */ = {isa = PBXFileReference; fileEncoding = 4; lastKnownFileType = sourcecode.c.h; path = Model.h; sourceTree = "<group>"; };
		D0D67F8E13ED32C8004E5A09 /* Model.m */ = {isa = PBXFileReference; fileEncoding = 4; lastKnownFileType = sourcecode.c.objc; path = Model.m; sourceTree = "<group>"; };
		D0D83CA614134A2200497B77 /* CustomSheet.h */ = {isa = PBXFileReference; fileEncoding = 4; lastKnownFileType = sourcecode.c.h; path = CustomSheet.h; sourceTree = "<group>"; };
		D0D83CA714134A2200497B77 /* CustomSheet.m */ = {isa = PBXFileReference; fileEncoding = 4; lastKnownFileType = sourcecode.c.objc; path = CustomSheet.m; sourceTree = "<group>"; };
		D0D83CA814134A2200497B77 /* CustomSheet.xib */ = {isa = PBXFileReference; fileEncoding = 4; lastKnownFileType = file.xib; path = CustomSheet.xib; sourceTree = "<group>"; };
		D0ED3B7D13F68D7D00A7219F /* PopoverController.h */ = {isa = PBXFileReference; fileEncoding = 4; lastKnownFileType = sourcecode.c.h; path = PopoverController.h; sourceTree = "<group>"; };
		D0ED3B7E13F68D7D00A7219F /* PopoverController.m */ = {isa = PBXFileReference; fileEncoding = 4; lastKnownFileType = sourcecode.c.objc; path = PopoverController.m; sourceTree = "<group>"; };
		D0F572A2140CE33F0001F515 /* TableViewController.h */ = {isa = PBXFileReference; fileEncoding = 4; lastKnownFileType = sourcecode.c.h; path = TableViewController.h; sourceTree = "<group>"; };
		D0F572A3140CE33F0001F515 /* TableViewController.m */ = {isa = PBXFileReference; fileEncoding = 4; lastKnownFileType = sourcecode.c.objc; path = TableViewController.m; sourceTree = "<group>"; };
		D0F7F4831402FB2200686869 /* preferences.png */ = {isa = PBXFileReference; lastKnownFileType = image.png; path = preferences.png; sourceTree = "<group>"; };
		D0F824C21400FB2B00D2E365 /* ScriptMenu.h */ = {isa = PBXFileReference; fileEncoding = 4; lastKnownFileType = sourcecode.c.h; path = ScriptMenu.h; sourceTree = "<group>"; };
		D0F824C31400FB2B00D2E365 /* ScriptMenu.m */ = {isa = PBXFileReference; fileEncoding = 4; lastKnownFileType = sourcecode.c.objc; path = ScriptMenu.m; sourceTree = "<group>"; };
/* End PBXFileReference section */

/* Begin PBXFrameworksBuildPhase section */
		D0091BE9163431C8009D0734 /* Frameworks */ = {
			isa = PBXFrameworksBuildPhase;
			buildActionMask = 2147483647;
			files = (
				D0091BEE163431C8009D0734 /* Cocoa.framework in Frameworks */,
				D0091BF0163431C8009D0734 /* AppleScriptObjC.framework in Frameworks */,
			);
			runOnlyForDeploymentPostprocessing = 0;
		};
		D0091C0D163438E5009D0734 /* Frameworks */ = {
			isa = PBXFrameworksBuildPhase;
			buildActionMask = 2147483647;
			files = (
				D0091C12163438E5009D0734 /* Cocoa.framework in Frameworks */,
				D0091C13163438E5009D0734 /* AppleScriptObjC.framework in Frameworks */,
			);
			runOnlyForDeploymentPostprocessing = 0;
		};
		D0091C2C16343ABB009D0734 /* Frameworks */ = {
			isa = PBXFrameworksBuildPhase;
			buildActionMask = 2147483647;
			files = (
				D0091C3116343ABB009D0734 /* Cocoa.framework in Frameworks */,
				D0091C3216343ABB009D0734 /* AppleScriptObjC.framework in Frameworks */,
			);
			runOnlyForDeploymentPostprocessing = 0;
		};
		D0552EA416347306003B4B0B /* Frameworks */ = {
			isa = PBXFrameworksBuildPhase;
			buildActionMask = 2147483647;
			files = (
				D0552EA916347306003B4B0B /* Cocoa.framework in Frameworks */,
				D0552EAA16347306003B4B0B /* AppleScriptObjC.framework in Frameworks */,
			);
			runOnlyForDeploymentPostprocessing = 0;
		};
		D08636E813D03D1E00EA7D50 /* Frameworks */ = {
			isa = PBXFrameworksBuildPhase;
			buildActionMask = 2147483647;
			files = (
				D086372A13D03DC200EA7D50 /* CalendarStore.framework in Frameworks */,
				D08636F013D03D1E00EA7D50 /* Cocoa.framework in Frameworks */,
			);
			runOnlyForDeploymentPostprocessing = 0;
		};
/* End PBXFrameworksBuildPhase section */

/* Begin PBXGroup section */
		D0091BF2163431C8009D0734 /* iTunesPlay */ = {
			isa = PBXGroup;
			children = (
				D0728AD1163452D800FD0FA3 /* iTunesPlay-Info.plist */,
				D0728AD2163452D800FD0FA3 /* main.m */,
			);
			name = iTunesPlay;
			path = iTunesSleep;
			sourceTree = "<group>";
		};
		D0091C0716343211009D0734 /* AlarmActions */ = {
			isa = PBXGroup;
			children = (
				D0552EAB16347306003B4B0B /* Logout */,
				D0091C3316343ABB009D0734 /* Shutdown */,
				D0091C14163438E5009D0734 /* Sleep */,
				D0091BF2163431C8009D0734 /* iTunesPlay */,
			);
			name = AlarmActions;
			sourceTree = "<group>";
		};
		D0091C14163438E5009D0734 /* Sleep */ = {
			isa = PBXGroup;
			children = (
				D0728AC91634524300FD0FA3 /* main.m */,
				D0728ACA1634524300FD0FA3 /* Sleep-Info.plist */,
			);
			path = Sleep;
			sourceTree = "<group>";
		};
		D0091C3316343ABB009D0734 /* Shutdown */ = {
			isa = PBXGroup;
			children = (
				D0728ACD1634529000FD0FA3 /* main.m */,
				D0728ACE1634529000FD0FA3 /* Shutdown-Info.plist */,
			);
			path = Shutdown;
			sourceTree = "<group>";
		};
		D0552EAB16347306003B4B0B /* Logout */ = {
			isa = PBXGroup;
			children = (
				D0552EBF16347499003B4B0B /* Logout-Info.plist */,
				D0552EC016347499003B4B0B /* main.m */,
			);
			path = Logout;
			sourceTree = "<group>";
		};
		D08636E013D03D1E00EA7D50 = {
			isa = PBXGroup;
			children = (
				D08636F513D03D1E00EA7D50 /* pmEvent */,
				D0091C0716343211009D0734 /* AlarmActions */,
				D08636EE13D03D1E00EA7D50 /* Frameworks */,
				D08636EC13D03D1E00EA7D50 /* Products */,
			);
			sourceTree = "<group>";
		};
		D08636EC13D03D1E00EA7D50 /* Products */ = {
			isa = PBXGroup;
			children = (
				D08636EB13D03D1E00EA7D50 /* pmEvent.app */,
				D0091BEC163431C8009D0734 /* iTunesPlay.app */,
				D0091C10163438E5009D0734 /* Sleep.app */,
				D0091C2F16343ABB009D0734 /* Shutdown.app */,
				D0552EA716347306003B4B0B /* Logout.app */,
			);
			name = Products;
			sourceTree = "<group>";
		};
		D08636EE13D03D1E00EA7D50 /* Frameworks */ = {
			isa = PBXGroup;
			children = (
				D08636EF13D03D1E00EA7D50 /* Cocoa.framework */,
				D086372913D03DC200EA7D50 /* CalendarStore.framework */,
				D0091BEF163431C8009D0734 /* AppleScriptObjC.framework */,
				D08636F113D03D1E00EA7D50 /* Other Frameworks */,
			);
			name = Frameworks;
			sourceTree = "<group>";
		};
		D08636F113D03D1E00EA7D50 /* Other Frameworks */ = {
			isa = PBXGroup;
			children = (
				D08636F213D03D1E00EA7D50 /* AppKit.framework */,
				D08636F413D03D1E00EA7D50 /* Foundation.framework */,
				D0091BF1163431C8009D0734 /* CoreData.framework */,
			);
			name = "Other Frameworks";
			sourceTree = "<group>";
		};
		D08636F513D03D1E00EA7D50 /* pmEvent */ = {
			isa = PBXGroup;
			children = (
				D0D67F8D13ED32C8004E5A09 /* Model.h */,
				D0D67F8E13ED32C8004E5A09 /* Model.m */,
				D05863A213EC95100083A8A1 /* AppDelegate.h */,
				D05863A313EC95100083A8A1 /* AppDelegate.m */,
				D05863A013EC95100083A8A1 /* AlarmController.h */,
				D05863A113EC95100083A8A1 /* AlarmController.m */,
				D05863A413EC95100083A8A1 /* EventController.h */,
				D05863A513EC95100083A8A1 /* EventController.m */,
				D0F572A2140CE33F0001F515 /* TableViewController.h */,
				D0F572A3140CE33F0001F515 /* TableViewController.m */,
				D0ED3B7D13F68D7D00A7219F /* PopoverController.h */,
				D0ED3B7E13F68D7D00A7219F /* PopoverController.m */,
				D086371613D03D4E00EA7D50 /* CalendarEvent.h */,
				D086371713D03D4E00EA7D50 /* CalendarEvent.m */,
				D086371213D03D4E00EA7D50 /* AlarmMenu.h */,
				D086371313D03D4E00EA7D50 /* AlarmMenu.m */,
				D0F824C21400FB2B00D2E365 /* ScriptMenu.h */,
				D0F824C31400FB2B00D2E365 /* ScriptMenu.m */,
				D086371813D03D4E00EA7D50 /* CalendarMenu.h */,
				D086371913D03D4E00EA7D50 /* CalendarMenu.m */,
				D09C878613F46A8300F63717 /* TextFieldWithURL.h */,
				D09C878713F46A8300F63717 /* TextFieldWithURL.m */,
				D06809A713D1E5140009E65A /* DateCategory.h */,
				D06809A813D1E5150009E65A /* DateCategory.m */,
				D06695A113D04475008063F0 /* TransformerNumberBoolValueToString.h */,
				D06695A213D04475008063F0 /* TransformerNumberBoolValueToString.m */,
				D06695AB13D04F9C008063F0 /* MainMenu.xib */,
				D0D83CA614134A2200497B77 /* CustomSheet.h */,
				D0D83CA714134A2200497B77 /* CustomSheet.m */,
				D0D83CA814134A2200497B77 /* CustomSheet.xib */,
				D08636F613D03D1E00EA7D50 /* Supporting Files */,
			);
			path = pmEvent;
			sourceTree = "<group>";
		};
		D08636F613D03D1E00EA7D50 /* Supporting Files */ = {
			isa = PBXGroup;
			children = (
				D086372113D03D7900EA7D50 /* ical.png */,
				D08ACB0D1406931300C030A0 /* ical_big.png */,
				D086372213D03D7900EA7D50 /* ical.icns */,
				D0A682A41406D51000C79CC9 /* License.txt */,
				D08636F713D03D1E00EA7D50 /* pmEvent-Info.plist */,
				D08636F813D03D1E00EA7D50 /* InfoPlist.strings */,
				D08636FB13D03D1E00EA7D50 /* pmEvent-Prefix.pch */,
				D0F7F4831402FB2200686869 /* preferences.png */,
				D08636FC13D03D1E00EA7D50 /* main.m */,
				D08636FE13D03D1E00EA7D50 /* Credits.rtf */,
				D018E23113DDF0F000D3FE20 /* README.md */,
				D0B133CD14042A0C004263A7 /* Settings.png */,
				D018E23213DDF0F000D3FE20 /* ScreenShot.png */,
			);
			name = "Supporting Files";
			sourceTree = "<group>";
		};
/* End PBXGroup section */

/* Begin PBXNativeTarget section */
		D0091BEB163431C8009D0734 /* iTunesPlay */ = {
			isa = PBXNativeTarget;
			buildConfigurationList = D0091C05163431C8009D0734 /* Build configuration list for PBXNativeTarget "iTunesPlay" */;
			buildPhases = (
				D0091BE8163431C8009D0734 /* Sources */,
				D0091BE9163431C8009D0734 /* Frameworks */,
				D0091BEA163431C8009D0734 /* Resources */,
			);
			buildRules = (
			);
			dependencies = (
			);
			name = iTunesPlay;
			productName = iTunesSleep;
			productReference = D0091BEC163431C8009D0734 /* iTunesPlay.app */;
			productType = "com.apple.product-type.application";
		};
		D0091C0F163438E5009D0734 /* Sleep */ = {
			isa = PBXNativeTarget;
			buildConfigurationList = D0091C25163438E5009D0734 /* Build configuration list for PBXNativeTarget "Sleep" */;
			buildPhases = (
				D0091C0C163438E5009D0734 /* Sources */,
				D0091C0D163438E5009D0734 /* Frameworks */,
				D0091C0E163438E5009D0734 /* Resources */,
			);
			buildRules = (
			);
			dependencies = (
			);
			name = Sleep;
			productName = Sleep;
			productReference = D0091C10163438E5009D0734 /* Sleep.app */;
			productType = "com.apple.product-type.application";
		};
		D0091C2E16343ABB009D0734 /* Shutdown */ = {
			isa = PBXNativeTarget;
			buildConfigurationList = D0091C4416343ABB009D0734 /* Build configuration list for PBXNativeTarget "Shutdown" */;
			buildPhases = (
				D0091C2B16343ABB009D0734 /* Sources */,
				D0091C2C16343ABB009D0734 /* Frameworks */,
				D0091C2D16343ABB009D0734 /* Resources */,
			);
			buildRules = (
			);
			dependencies = (
			);
			name = Shutdown;
			productName = Shutdown;
			productReference = D0091C2F16343ABB009D0734 /* Shutdown.app */;
			productType = "com.apple.product-type.application";
		};
		D0552EA616347306003B4B0B /* Logout */ = {
			isa = PBXNativeTarget;
			buildConfigurationList = D0552EBC16347306003B4B0B /* Build configuration list for PBXNativeTarget "Logout" */;
			buildPhases = (
				D0552EA316347306003B4B0B /* Sources */,
				D0552EA416347306003B4B0B /* Frameworks */,
				D0552EA516347306003B4B0B /* Resources */,
			);
			buildRules = (
			);
			dependencies = (
			);
			name = Logout;
			productName = Logout;
			productReference = D0552EA716347306003B4B0B /* Logout.app */;
			productType = "com.apple.product-type.application";
		};
		D08636EA13D03D1E00EA7D50 /* pmEvent */ = {
			isa = PBXNativeTarget;
			buildConfigurationList = D086370913D03D1F00EA7D50 /* Build configuration list for PBXNativeTarget "pmEvent" */;
			buildPhases = (
				D08636E713D03D1E00EA7D50 /* Sources */,
				D08636E813D03D1E00EA7D50 /* Frameworks */,
				D08636E913D03D1E00EA7D50 /* Resources */,
				D08745401407032F0004F0BD /* ShellScript */,
			);
			buildRules = (
			);
			dependencies = (
				D0552EC4163474DA003B4B0B /* PBXTargetDependency */,
				D0091C5B1634404F009D0734 /* PBXTargetDependency */,
				D0091C5D1634404F009D0734 /* PBXTargetDependency */,
				D0091C5F1634404F009D0734 /* PBXTargetDependency */,
			);
			name = pmEvent;
			productName = pmEvent;
			productReference = D08636EB13D03D1E00EA7D50 /* pmEvent.app */;
			productType = "com.apple.product-type.application";
		};
/* End PBXNativeTarget section */

/* Begin PBXProject section */
		D08636E213D03D1E00EA7D50 /* Project object */ = {
			isa = PBXProject;
			attributes = {
				LastUpgradeCheck = 0420;
				ORGANIZATIONNAME = NoWhere;
			};
			buildConfigurationList = D08636E513D03D1E00EA7D50 /* Build configuration list for PBXProject "pmEvent" */;
			compatibilityVersion = "Xcode 3.2";
			developmentRegion = English;
			hasScannedForEncodings = 0;
			knownRegions = (
				en,
			);
			mainGroup = D08636E013D03D1E00EA7D50;
			productRefGroup = D08636EC13D03D1E00EA7D50 /* Products */;
			projectDirPath = "";
			projectRoot = "";
			targets = (
				D08636EA13D03D1E00EA7D50 /* pmEvent */,
				D0091BEB163431C8009D0734 /* iTunesPlay */,
				D0091C0F163438E5009D0734 /* Sleep */,
				D0091C2E16343ABB009D0734 /* Shutdown */,
				D0552EA616347306003B4B0B /* Logout */,
			);
		};
/* End PBXProject section */

/* Begin PBXResourcesBuildPhase section */
		D0091BEA163431C8009D0734 /* Resources */ = {
			isa = PBXResourcesBuildPhase;
			buildActionMask = 2147483647;
			files = (
			);
			runOnlyForDeploymentPostprocessing = 0;
		};
		D0091C0E163438E5009D0734 /* Resources */ = {
			isa = PBXResourcesBuildPhase;
			buildActionMask = 2147483647;
			files = (
			);
			runOnlyForDeploymentPostprocessing = 0;
		};
		D0091C2D16343ABB009D0734 /* Resources */ = {
			isa = PBXResourcesBuildPhase;
			buildActionMask = 2147483647;
			files = (
			);
			runOnlyForDeploymentPostprocessing = 0;
		};
		D0552EA516347306003B4B0B /* Resources */ = {
			isa = PBXResourcesBuildPhase;
			buildActionMask = 2147483647;
			files = (
			);
			runOnlyForDeploymentPostprocessing = 0;
		};
		D08636E913D03D1E00EA7D50 /* Resources */ = {
			isa = PBXResourcesBuildPhase;
			buildActionMask = 2147483647;
			files = (
				D0552EC516347555003B4B0B /* Logout.app in Resources */,
				D0091C5616343F53009D0734 /* iTunesPlay.app in Resources */,
				D0091C5716343F53009D0734 /* Sleep.app in Resources */,
				D0091C5816343F53009D0734 /* Shutdown.app in Resources */,
				D08636FA13D03D1E00EA7D50 /* InfoPlist.strings in Resources */,
				D086370013D03D1E00EA7D50 /* Credits.rtf in Resources */,
				D086372313D03D7900EA7D50 /* ical.png in Resources */,
				D086372413D03D7900EA7D50 /* ical.icns in Resources */,
				D06695AD13D04F9C008063F0 /* MainMenu.xib in Resources */,
				D0F7F4841402FB2200686869 /* preferences.png in Resources */,
				D0B133CE14042A0C004263A7 /* Settings.png in Resources */,
				D08ACB0E1406931300C030A0 /* ical_big.png in Resources */,
				D0A682A51406D51000C79CC9 /* License.txt in Resources */,
				D0D83CAA14134A2200497B77 /* CustomSheet.xib in Resources */,
			);
			runOnlyForDeploymentPostprocessing = 0;
		};
/* End PBXResourcesBuildPhase section */

/* Begin PBXShellScriptBuildPhase section */
		D08745401407032F0004F0BD /* ShellScript */ = {
			isa = PBXShellScriptBuildPhase;
			buildActionMask = 2147483647;
			files = (
			);
			inputPaths = (
			);
			outputPaths = (
			);
			runOnlyForDeploymentPostprocessing = 0;
			shellPath = /bin/sh;
			shellScript = "GIT_DESCRIPTION=$(git describe --tags --dirty)\ndefaults write \"${BUILT_PRODUCTS_DIR}/${INFOPLIST_PATH%.*}\" \"CFBundleShortVersionString\" \"${GIT_DESCRIPTION#*v}\"";
		};
/* End PBXShellScriptBuildPhase section */

/* Begin PBXSourcesBuildPhase section */
		D0091BE8163431C8009D0734 /* Sources */ = {
			isa = PBXSourcesBuildPhase;
			buildActionMask = 2147483647;
			files = (
				D0728AD4163452D800FD0FA3 /* main.m in Sources */,
			);
			runOnlyForDeploymentPostprocessing = 0;
		};
		D0091C0C163438E5009D0734 /* Sources */ = {
			isa = PBXSourcesBuildPhase;
			buildActionMask = 2147483647;
			files = (
				D0728ACB1634524300FD0FA3 /* main.m in Sources */,
			);
			runOnlyForDeploymentPostprocessing = 0;
		};
		D0091C2B16343ABB009D0734 /* Sources */ = {
			isa = PBXSourcesBuildPhase;
			buildActionMask = 2147483647;
			files = (
				D0728ACF1634529100FD0FA3 /* main.m in Sources */,
			);
			runOnlyForDeploymentPostprocessing = 0;
		};
		D0552EA316347306003B4B0B /* Sources */ = {
			isa = PBXSourcesBuildPhase;
			buildActionMask = 2147483647;
			files = (
				D0552EC216347499003B4B0B /* main.m in Sources */,
			);
			runOnlyForDeploymentPostprocessing = 0;
		};
		D08636E713D03D1E00EA7D50 /* Sources */ = {
			isa = PBXSourcesBuildPhase;
			buildActionMask = 2147483647;
			files = (
				D08636FD13D03D1E00EA7D50 /* main.m in Sources */,
				D086371C13D03D4E00EA7D50 /* AlarmMenu.m in Sources */,
				D086371E13D03D4E00EA7D50 /* CalendarEvent.m in Sources */,
				D086371F13D03D4E00EA7D50 /* CalendarMenu.m in Sources */,
				D06695A313D04475008063F0 /* TransformerNumberBoolValueToString.m in Sources */,
				D06809A913D1E5150009E65A /* DateCategory.m in Sources */,
				D05863A613EC95100083A8A1 /* AlarmController.m in Sources */,
				D05863A713EC95100083A8A1 /* AppDelegate.m in Sources */,
				D05863A813EC95100083A8A1 /* EventController.m in Sources */,
				D0D67F8F13ED32C8004E5A09 /* Model.m in Sources */,
				D09C878913F46A8300F63717 /* TextFieldWithURL.m in Sources */,
				D0ED3B8013F68D7D00A7219F /* PopoverController.m in Sources */,
				D0F824C41400FB2B00D2E365 /* ScriptMenu.m in Sources */,
				D0F572A4140CE33F0001F515 /* TableViewController.m in Sources */,
				D0D83CA914134A2200497B77 /* CustomSheet.m in Sources */,
			);
			runOnlyForDeploymentPostprocessing = 0;
		};
/* End PBXSourcesBuildPhase section */

/* Begin PBXTargetDependency section */
		D0091C5B1634404F009D0734 /* PBXTargetDependency */ = {
			isa = PBXTargetDependency;
			target = D0091BEB163431C8009D0734 /* iTunesPlay */;
			targetProxy = D0091C5A1634404F009D0734 /* PBXContainerItemProxy */;
		};
		D0091C5D1634404F009D0734 /* PBXTargetDependency */ = {
			isa = PBXTargetDependency;
			target = D0091C0F163438E5009D0734 /* Sleep */;
			targetProxy = D0091C5C1634404F009D0734 /* PBXContainerItemProxy */;
		};
		D0091C5F1634404F009D0734 /* PBXTargetDependency */ = {
			isa = PBXTargetDependency;
			target = D0091C2E16343ABB009D0734 /* Shutdown */;
			targetProxy = D0091C5E1634404F009D0734 /* PBXContainerItemProxy */;
		};
		D0552EC4163474DA003B4B0B /* PBXTargetDependency */ = {
			isa = PBXTargetDependency;
			target = D0552EA616347306003B4B0B /* Logout */;
			targetProxy = D0552EC3163474DA003B4B0B /* PBXContainerItemProxy */;
		};
/* End PBXTargetDependency section */

/* Begin PBXVariantGroup section */
		D06695AB13D04F9C008063F0 /* MainMenu.xib */ = {
			isa = PBXVariantGroup;
			children = (
				D06695AC13D04F9C008063F0 /* en */,
			);
			name = MainMenu.xib;
			sourceTree = "<group>";
		};
		D08636F813D03D1E00EA7D50 /* InfoPlist.strings */ = {
			isa = PBXVariantGroup;
			children = (
				D08636F913D03D1E00EA7D50 /* en */,
			);
			name = InfoPlist.strings;
			sourceTree = "<group>";
		};
		D08636FE13D03D1E00EA7D50 /* Credits.rtf */ = {
			isa = PBXVariantGroup;
			children = (
				D08636FF13D03D1E00EA7D50 /* en */,
			);
			name = Credits.rtf;
			sourceTree = "<group>";
		};
/* End PBXVariantGroup section */

/* Begin XCBuildConfiguration section */
		D0091C03163431C8009D0734 /* Debug */ = {
			isa = XCBuildConfiguration;
			buildSettings = {
				ALWAYS_SEARCH_USER_PATHS = NO;
				ARCHS = "$(ARCHS_STANDARD_32_64_BIT)";
				CLANG_CXX_LANGUAGE_STANDARD = "gnu++0x";
				CLANG_CXX_LIBRARY = "libc++";
				CLANG_WARN_EMPTY_BODY = YES;
				CLANG_WARN__DUPLICATE_METHOD_MATCH = YES;
				COMBINE_HIDPI_IMAGES = YES;
				COPY_PHASE_STRIP = NO;
				GCC_DYNAMIC_NO_PIC = NO;
				GCC_ENABLE_OBJC_EXCEPTIONS = YES;
				GCC_PRECOMPILE_PREFIX_HEADER = NO;
				GCC_PREPROCESSOR_DEFINITIONS = (
					"DEBUG=1",
					"$(inherited)",
				);
				GCC_WARN_UNINITIALIZED_AUTOS = YES;
				INFOPLIST_FILE = "AlarmActions/iTunesPlay/iTunesPlay-Info.plist";
				MACOSX_DEPLOYMENT_TARGET = 10.7;
				PRODUCT_NAME = "$(TARGET_NAME)";
				SDKROOT = macosx10.7;
				WRAPPER_EXTENSION = app;
			};
			name = Debug;
		};
		D0091C04163431C8009D0734 /* Release */ = {
			isa = XCBuildConfiguration;
			buildSettings = {
				ALWAYS_SEARCH_USER_PATHS = NO;
				ARCHS = "$(ARCHS_STANDARD_32_64_BIT)";
				CLANG_CXX_LANGUAGE_STANDARD = "gnu++0x";
				CLANG_CXX_LIBRARY = "libc++";
				CLANG_WARN_EMPTY_BODY = YES;
				CLANG_WARN__DUPLICATE_METHOD_MATCH = YES;
				COMBINE_HIDPI_IMAGES = YES;
				COPY_PHASE_STRIP = YES;
				DEBUG_INFORMATION_FORMAT = "dwarf-with-dsym";
				GCC_ENABLE_OBJC_EXCEPTIONS = YES;
				GCC_PRECOMPILE_PREFIX_HEADER = NO;
				GCC_WARN_UNINITIALIZED_AUTOS = YES;
				INFOPLIST_FILE = "AlarmActions/iTunesPlay/iTunesPlay-Info.plist";
				MACOSX_DEPLOYMENT_TARGET = 10.7;
				PRODUCT_NAME = "$(TARGET_NAME)";
				SDKROOT = macosx10.7;
				WRAPPER_EXTENSION = app;
			};
			name = Release;
		};
		D0091C26163438E5009D0734 /* Debug */ = {
			isa = XCBuildConfiguration;
			buildSettings = {
				ALWAYS_SEARCH_USER_PATHS = NO;
				ARCHS = "$(ARCHS_STANDARD_32_64_BIT)";
				CLANG_CXX_LANGUAGE_STANDARD = "gnu++0x";
				CLANG_CXX_LIBRARY = "libc++";
				CLANG_WARN_EMPTY_BODY = YES;
				CLANG_WARN__DUPLICATE_METHOD_MATCH = YES;
				COMBINE_HIDPI_IMAGES = YES;
				COPY_PHASE_STRIP = NO;
				GCC_DYNAMIC_NO_PIC = NO;
				GCC_ENABLE_OBJC_EXCEPTIONS = YES;
				GCC_PRECOMPILE_PREFIX_HEADER = NO;
				GCC_PREPROCESSOR_DEFINITIONS = (
					"DEBUG=1",
					"$(inherited)",
				);
				GCC_WARN_UNINITIALIZED_AUTOS = YES;
				INFOPLIST_FILE = "AlarmActions/Sleep/Sleep-Info.plist";
				MACOSX_DEPLOYMENT_TARGET = 10.7;
				PRODUCT_NAME = "$(TARGET_NAME)";
				SDKROOT = macosx10.7;
				WRAPPER_EXTENSION = app;
			};
			name = Debug;
		};
		D0091C27163438E5009D0734 /* Release */ = {
			isa = XCBuildConfiguration;
			buildSettings = {
				ALWAYS_SEARCH_USER_PATHS = NO;
				ARCHS = "$(ARCHS_STANDARD_32_64_BIT)";
				CLANG_CXX_LANGUAGE_STANDARD = "gnu++0x";
				CLANG_CXX_LIBRARY = "libc++";
				CLANG_WARN_EMPTY_BODY = YES;
				CLANG_WARN__DUPLICATE_METHOD_MATCH = YES;
				COMBINE_HIDPI_IMAGES = YES;
				COPY_PHASE_STRIP = YES;
				DEBUG_INFORMATION_FORMAT = "dwarf-with-dsym";
				GCC_ENABLE_OBJC_EXCEPTIONS = YES;
				GCC_PRECOMPILE_PREFIX_HEADER = NO;
				GCC_WARN_UNINITIALIZED_AUTOS = YES;
				INFOPLIST_FILE = "AlarmActions/Sleep/Sleep-Info.plist";
				MACOSX_DEPLOYMENT_TARGET = 10.7;
				PRODUCT_NAME = "$(TARGET_NAME)";
				SDKROOT = macosx10.7;
				WRAPPER_EXTENSION = app;
			};
			name = Release;
		};
		D0091C4516343ABB009D0734 /* Debug */ = {
			isa = XCBuildConfiguration;
			buildSettings = {
				ALWAYS_SEARCH_USER_PATHS = NO;
				ARCHS = "$(ARCHS_STANDARD_32_64_BIT)";
				CLANG_CXX_LANGUAGE_STANDARD = "gnu++0x";
				CLANG_CXX_LIBRARY = "libc++";
				CLANG_WARN_EMPTY_BODY = YES;
				CLANG_WARN__DUPLICATE_METHOD_MATCH = YES;
				COMBINE_HIDPI_IMAGES = YES;
				COPY_PHASE_STRIP = NO;
				GCC_DYNAMIC_NO_PIC = NO;
				GCC_ENABLE_OBJC_EXCEPTIONS = YES;
				GCC_PRECOMPILE_PREFIX_HEADER = NO;
				GCC_PREPROCESSOR_DEFINITIONS = (
					"DEBUG=1",
					"$(inherited)",
				);
				GCC_WARN_UNINITIALIZED_AUTOS = YES;
				INFOPLIST_FILE = "AlarmActions/Shutdown/Shutdown-Info.plist";
				MACOSX_DEPLOYMENT_TARGET = 10.7;
				PRODUCT_NAME = "$(TARGET_NAME)";
				SDKROOT = macosx10.7;
				WRAPPER_EXTENSION = app;
			};
			name = Debug;
		};
		D0091C4616343ABB009D0734 /* Release */ = {
			isa = XCBuildConfiguration;
			buildSettings = {
				ALWAYS_SEARCH_USER_PATHS = NO;
				ARCHS = "$(ARCHS_STANDARD_32_64_BIT)";
				CLANG_CXX_LANGUAGE_STANDARD = "gnu++0x";
				CLANG_CXX_LIBRARY = "libc++";
				CLANG_WARN_EMPTY_BODY = YES;
				CLANG_WARN__DUPLICATE_METHOD_MATCH = YES;
				COMBINE_HIDPI_IMAGES = YES;
				COPY_PHASE_STRIP = YES;
				DEBUG_INFORMATION_FORMAT = "dwarf-with-dsym";
				GCC_ENABLE_OBJC_EXCEPTIONS = YES;
				GCC_PRECOMPILE_PREFIX_HEADER = NO;
				GCC_WARN_UNINITIALIZED_AUTOS = YES;
				INFOPLIST_FILE = "AlarmActions/Shutdown/Shutdown-Info.plist";
				MACOSX_DEPLOYMENT_TARGET = 10.7;
				PRODUCT_NAME = "$(TARGET_NAME)";
				SDKROOT = macosx10.7;
				WRAPPER_EXTENSION = app;
			};
			name = Release;
		};
		D0552EBD16347306003B4B0B /* Debug */ = {
			isa = XCBuildConfiguration;
			buildSettings = {
				ALWAYS_SEARCH_USER_PATHS = NO;
				ARCHS = "$(ARCHS_STANDARD_32_64_BIT)";
				CLANG_CXX_LANGUAGE_STANDARD = "gnu++0x";
				CLANG_CXX_LIBRARY = "libc++";
				CLANG_WARN_EMPTY_BODY = YES;
				CLANG_WARN__DUPLICATE_METHOD_MATCH = YES;
				COMBINE_HIDPI_IMAGES = YES;
				COPY_PHASE_STRIP = NO;
				GCC_DYNAMIC_NO_PIC = NO;
				GCC_ENABLE_OBJC_EXCEPTIONS = YES;
				GCC_PRECOMPILE_PREFIX_HEADER = NO;
				GCC_PREPROCESSOR_DEFINITIONS = (
					"DEBUG=1",
					"$(inherited)",
				);
				GCC_WARN_UNINITIALIZED_AUTOS = YES;
				INFOPLIST_FILE = "AlarmActions/Logout/Logout-Info.plist";
				MACOSX_DEPLOYMENT_TARGET = 10.7;
				PRODUCT_NAME = "$(TARGET_NAME)";
				SDKROOT = macosx10.7;
				WRAPPER_EXTENSION = app;
			};
			name = Debug;
		};
		D0552EBE16347306003B4B0B /* Release */ = {
			isa = XCBuildConfiguration;
			buildSettings = {
				ALWAYS_SEARCH_USER_PATHS = NO;
				ARCHS = "$(ARCHS_STANDARD_32_64_BIT)";
				CLANG_CXX_LANGUAGE_STANDARD = "gnu++0x";
				CLANG_CXX_LIBRARY = "libc++";
				CLANG_WARN_EMPTY_BODY = YES;
				CLANG_WARN__DUPLICATE_METHOD_MATCH = YES;
				COMBINE_HIDPI_IMAGES = YES;
				COPY_PHASE_STRIP = YES;
				DEBUG_INFORMATION_FORMAT = "dwarf-with-dsym";
				GCC_ENABLE_OBJC_EXCEPTIONS = YES;
				GCC_PRECOMPILE_PREFIX_HEADER = NO;
				GCC_WARN_UNINITIALIZED_AUTOS = YES;
				INFOPLIST_FILE = "AlarmActions/Logout/Logout-Info.plist";
				MACOSX_DEPLOYMENT_TARGET = 10.7;
				PRODUCT_NAME = "$(TARGET_NAME)";
				SDKROOT = macosx10.7;
				WRAPPER_EXTENSION = app;
			};
			name = Release;
		};
		D086370713D03D1F00EA7D50 /* Debug */ = {
			isa = XCBuildConfiguration;
			buildSettings = {
				ARCHS = "$(ARCHS_STANDARD_32_64_BIT)";
				GCC_C_LANGUAGE_STANDARD = gnu99;
				GCC_OPTIMIZATION_LEVEL = 0;
				GCC_PREPROCESSOR_DEFINITIONS = DEBUG;
				GCC_SYMBOLS_PRIVATE_EXTERN = NO;
				GCC_TREAT_IMPLICIT_FUNCTION_DECLARATIONS_AS_ERRORS = YES;
				GCC_TREAT_WARNINGS_AS_ERRORS = YES;
				GCC_VERSION = com.apple.compilers.llvm.clang.1_0;
				GCC_WARN_64_TO_32_BIT_CONVERSION = YES;
				GCC_WARN_ABOUT_RETURN_TYPE = YES;
				GCC_WARN_UNUSED_VARIABLE = YES;
				MACOSX_DEPLOYMENT_TARGET = 10.7;
				ONLY_ACTIVE_ARCH = YES;
				OTHER_CFLAGS = "";
				RUN_CLANG_STATIC_ANALYZER = NO;
				SDKROOT = macosx10.7;
			};
			name = Debug;
		};
		D086370813D03D1F00EA7D50 /* Release */ = {
			isa = XCBuildConfiguration;
			buildSettings = {
				ARCHS = "$(ARCHS_STANDARD_32_64_BIT)";
				GCC_C_LANGUAGE_STANDARD = gnu99;
				GCC_TREAT_IMPLICIT_FUNCTION_DECLARATIONS_AS_ERRORS = YES;
				GCC_TREAT_WARNINGS_AS_ERRORS = YES;
				GCC_VERSION = com.apple.compilers.llvm.clang.1_0;
				GCC_WARN_64_TO_32_BIT_CONVERSION = YES;
				GCC_WARN_ABOUT_RETURN_TYPE = YES;
				GCC_WARN_UNUSED_VARIABLE = YES;
				MACOSX_DEPLOYMENT_TARGET = 10.7;
				OTHER_CFLAGS = "";
				RUN_CLANG_STATIC_ANALYZER = NO;
				SDKROOT = macosx10.7;
			};
			name = Release;
		};
		D086370A13D03D1F00EA7D50 /* Debug */ = {
			isa = XCBuildConfiguration;
			buildSettings = {
				ALWAYS_SEARCH_USER_PATHS = NO;
				ARCHS = "$(ARCHS_STANDARD_32_64_BIT)";
				COPY_PHASE_STRIP = NO;
				GCC_DYNAMIC_NO_PIC = NO;
				GCC_ENABLE_OBJC_EXCEPTIONS = YES;
				GCC_PRECOMPILE_PREFIX_HEADER = YES;
				GCC_PREFIX_HEADER = "pmEvent/pmEvent-Prefix.pch";
				GCC_VERSION = com.apple.compilers.llvm.clang.1_0;
				GCC_WARN_TYPECHECK_CALLS_TO_PRINTF = YES;
				INFOPLIST_FILE = "pmEvent/pmEvent-Info.plist";
				PRODUCT_NAME = "$(TARGET_NAME)";
				WRAPPER_EXTENSION = app;
			};
			name = Debug;
		};
		D086370B13D03D1F00EA7D50 /* Release */ = {
			isa = XCBuildConfiguration;
			buildSettings = {
				ALWAYS_SEARCH_USER_PATHS = NO;
				ARCHS = "$(ARCHS_STANDARD_32_64_BIT)";
				COPY_PHASE_STRIP = YES;
				DEBUG_INFORMATION_FORMAT = "dwarf-with-dsym";
				GCC_ENABLE_OBJC_EXCEPTIONS = YES;
				GCC_PRECOMPILE_PREFIX_HEADER = YES;
				GCC_PREFIX_HEADER = "pmEvent/pmEvent-Prefix.pch";
				GCC_VERSION = com.apple.compilers.llvm.clang.1_0;
				GCC_WARN_TYPECHECK_CALLS_TO_PRINTF = YES;
				INFOPLIST_FILE = "pmEvent/pmEvent-Info.plist";
				PRODUCT_NAME = "$(TARGET_NAME)";
				WRAPPER_EXTENSION = app;
			};
			name = Release;
		};
/* End XCBuildConfiguration section */

/* Begin XCConfigurationList section */
		D0091C05163431C8009D0734 /* Build configuration list for PBXNativeTarget "iTunesPlay" */ = {
			isa = XCConfigurationList;
			buildConfigurations = (
				D0091C03163431C8009D0734 /* Debug */,
				D0091C04163431C8009D0734 /* Release */,
			);
			defaultConfigurationIsVisible = 0;
			defaultConfigurationName = Release;
		};
		D0091C25163438E5009D0734 /* Build configuration list for PBXNativeTarget "Sleep" */ = {
			isa = XCConfigurationList;
			buildConfigurations = (
				D0091C26163438E5009D0734 /* Debug */,
				D0091C27163438E5009D0734 /* Release */,
			);
			defaultConfigurationIsVisible = 0;
			defaultConfigurationName = Release;
		};
		D0091C4416343ABB009D0734 /* Build configuration list for PBXNativeTarget "Shutdown" */ = {
			isa = XCConfigurationList;
			buildConfigurations = (
				D0091C4516343ABB009D0734 /* Debug */,
				D0091C4616343ABB009D0734 /* Release */,
			);
			defaultConfigurationIsVisible = 0;
			defaultConfigurationName = Release;
		};
		D0552EBC16347306003B4B0B /* Build configuration list for PBXNativeTarget "Logout" */ = {
			isa = XCConfigurationList;
			buildConfigurations = (
				D0552EBD16347306003B4B0B /* Debug */,
				D0552EBE16347306003B4B0B /* Release */,
			);
			defaultConfigurationIsVisible = 0;
		};
		D08636E513D03D1E00EA7D50 /* Build configuration list for PBXProject "pmEvent" */ = {
			isa = XCConfigurationList;
			buildConfigurations = (
				D086370713D03D1F00EA7D50 /* Debug */,
				D086370813D03D1F00EA7D50 /* Release */,
			);
			defaultConfigurationIsVisible = 0;
			defaultConfigurationName = Release;
		};
		D086370913D03D1F00EA7D50 /* Build configuration list for PBXNativeTarget "pmEvent" */ = {
			isa = XCConfigurationList;
			buildConfigurations = (
				D086370A13D03D1F00EA7D50 /* Debug */,
				D086370B13D03D1F00EA7D50 /* Release */,
			);
			defaultConfigurationIsVisible = 0;
			defaultConfigurationName = Release;
		};
/* End XCConfigurationList section */
	};
	rootObject = D08636E213D03D1E00EA7D50 /* Project object */;
}
